PODS:
  - CryptoSwift (1.6.0)
  - EllipticCurveKeyPair (2.0.2)
  - KeychainAccess (4.2.1)
  - PromiseKit (6.13.1):
    - PromiseKit/CorePromise (= 6.13.1)
    - PromiseKit/Foundation (= 6.13.1)
    - PromiseKit/UIKit (= 6.13.1)
  - PromiseKit/CorePromise (6.13.1)
  - PromiseKit/Foundation (6.13.1):
    - PromiseKit/CorePromise
  - PromiseKit/UIKit (6.13.1):
    - PromiseKit/CorePromise

DEPENDENCIES:
  - CryptoSwift (~> 1.6.0)
  - EllipticCurveKeyPair (~> 2.0.2)
  - KeychainAccess (~> 4.2.1)
  - PromiseKit (~> 6.13.1)

SPEC REPOS:
  https://github.com/CocoaPods/Specs.git:
    - CryptoSwift
  https://github.com/kuldeep-1k/private-podspec.git:
    - EllipticCurveKeyPair
  trunk:
    - KeychainAccess
    - PromiseKit

SPEC CHECKSUMS:
  CryptoSwift: 562f8eceb40e80796fffc668b0cad9313284cfa6
  EllipticCurveKeyPair: 573f972088d471245208be04677b974225b71757
  KeychainAccess: 9b07f665298d13c3a85881bd3171f6f49b8151c1
  PromiseKit: 28fda91c973cc377875d8c0ea4f973013c05b6db

PODFILE CHECKSUM: 76ac25f4a51dcac12d04e007e52ee844565beebd

COCOAPODS: 1.12.1
